
Microsoft Visual Studio Solution File, Format Version 12.00
# Visual Studio Version 16
VisualStudioVersion = 16.0.29123.88
MinimumVisualStudioVersion = 10.0.40219.1
Project("{FAE04EC0-301F-11D3-BF4B-00C04F79EFBC}") = "LibConf", "conf\LibConf.csproj", "{1296A5CB-09FC-4AEE-9E72-418E726FDDFD}"
EndProject
Project("{FAE04EC0-301F-11D3-BF4B-00C04F79EFBC}") = "ConfTest", "ConfTest\ConfTest.csproj", "{928EA529-220B-40CF-927B-42F73A702977}"
EndProject
Global
	GlobalSection(SolutionConfigurationPlatforms) = preSolution
		Debug|Any CPU = Debug|Any CPU
		Release|Any CPU = Release|Any CPU
	EndGlobalSection
	GlobalSection(ProjectConfigurationPlatforms) = postSolution
		{1296A5CB-09FC-4AEE-9E72-418E726FDDFD}.Debug|Any CPU.ActiveCfg = Debug|Any CPU
		{1296A5CB-09FC-4AEE-9E72-418E726FDDFD}.Debug|Any CPU.Build.0 = Debug|Any CPU
		{1296A5CB-09FC-4AEE-9E72-418E726FDDFD}.Release|Any CPU.ActiveCfg = Release|Any CPU
		{1296A5CB-09FC-4AEE-9E72-418E726FDDFD}.Release|Any CPU.Build.0 = Release|Any CPU
		{928EA529-220B-40CF-927B-42F73A702977}.Debug|Any CPU.ActiveCfg = Debug|Any CPU
		{928EA529-220B-40CF-927B-42F73A702977}.Debug|Any CPU.Build.0 = Debug|Any CPU
		{928EA529-220B-40CF-927B-42F73A702977}.Release|Any CPU.ActiveCfg = Release|Any CPU
		{928EA529-220B-40CF-927B-42F73A702977}.Release|Any CPU.Build.0 = Release|Any CPU
	EndGlobalSection
	GlobalSection(SolutionProperties) = preSolution
		HideSolutionNode = FALSE
	EndGlobalSection
	GlobalSection(ExtensibilityGlobals) = postSolution
		SolutionGuid = {E9BF7774-C153-4A37-84C1-06329D696B66}
	EndGlobalSection
EndGlobal
